{
  "name": "brtc-demo",
  "version": "0.1.0",
  "lockfileVersion": 1,
  "requires": true,
  "dependencies": {
    "lottie-web": {
      "version": "5.7.6",
      "resolved": "https://registry.npmjs.org/lottie-web/-/lottie-web-5.7.6.tgz",
      "integrity": "sha512-qn/KYMI4QQvFDhtoxs0RPkn9uZKhDB9keE5BKgbJlSRfNEZpRiDlwBE9ibYz4nPhbyE+NUlt8IRIVR7g5OSX3w=="
    },
    "vue-lottie": {
      "version": "0.2.1",
      "resolved": "https://registry.npmjs.org/vue-lottie/-/vue-lottie-0.2.1.tgz",
      "integrity": "sha512-zInUX69Ij8MhVR3XArpu4PqqBoufwKxS5UMutWCPm59VUaB5H6GtnaIzf9M+l6aYU+Kr8gF/W9dzWLgRuU6V+Q==",
      "requires": {
        "lottie-web": "^5.1.9"
      }
    }
  }
}
